{
  "version": "1.0.0",
  "lockedAt": "2026-09-29T11:21:06.878Z",
  "lawsFile": "LAWS.bend",
  "canonicalSha256": "ac78e7d5123a3c5ee3163682ceba9ab046f2ca393d5334a03447b6735d20eb88",
  "sha256": "ac78e7d5123a3c5ee3163682ceba9ab046f2ca393d5334a03447b6735d20eb88",
  "lawCount": 2,
  "laws": [
    "withdraw_zero_noop",
    "withdraw_all_empties"
  ],
  "lockedBy": "gsd-architect",
  "description": "GSD Plan Phase Invariant Lock"
}